<?xml version="1.0" encoding="utf-8"?>
<Project ToolsVersion="4.0" xmlns="http://schemas.microsoft.com/developer/msbuild/2003">
  <ItemGroup>
    <Filter Include="Source Files">
      <UniqueIdentifier>{4FC737F1-C7A5-4376-A066-2A32D752A2FF}</UniqueIdentifier>
      <Extensions>cpp;c;cc;cxx;c++;cppm;ixx;def;odl;idl;hpj;bat;asm;asmx</Extensions>
    </Filter>
    <Filter Include="Header Files">
      <UniqueIdentifier>{93995380-89BD-4b04-88EB-625FBE52EBFB}</UniqueIdentifier>
      <Extensions>h;hh;hpp;hxx;h++;hm;inl;inc;ipp;xsd</Extensions>
    </Filter>
    <Filter Include="Resource Files">
      <UniqueIdentifier>{67DA6AB6-F800-4c08-8B7A-83BB121AAD01}</UniqueIdentifier>
      <Extensions>rc;ico;cur;bmp;dlg;rc2;rct;bin;rgs;gif;jpg;jpeg;jpe;resx;tiff;tif;png;wav;mfcribbon-ms</Extensions>
    </Filter>
    <Filter Include="Source Files\Shaders">
      <UniqueIdentifier>{39514f82-9456-42c8-ae70-a946e68ab5d1}</UniqueIdentifier>
    </Filter>
    <Filter Include="Header Files\Rendering">
      <UniqueIdentifier>{16453b21-29cc-4d34-9eae-0d8e0ced6153}</UniqueIdentifier>
    </Filter>
    <Filter Include="Source Files\Rendering">
      <UniqueIdentifier>{6d3b463a-b84e-4859-af12-5b80f7802b25}</UniqueIdentifier>
    </Filter>
    <Filter Include="Header Files\Miscs">
      <UniqueIdentifier>{2a6c304a-63bf-4575-a74e-e48324258c1b}</UniqueIdentifier>
    </Filter>
    <Filter Include="Header Files\WorldGen">
      <UniqueIdentifier>{35908eeb-c08f-47f4-81e5-32b502a16955}</UniqueIdentifier>
    </Filter>
    <Filter Include="Source Files\WorldGen">
      <UniqueIdentifier>{b7bc2a48-d6f3-45a7-8adf-cf4d6e2990e5}</UniqueIdentifier>
    </Filter>
  </ItemGroup>
  <ItemGroup>
    <None Include="object_vertex_shader.glsl">
      <Filter>Source Files\Shaders</Filter>
    </None>
    <None Include="object_fragment_shader.glsl">
      <Filter>Source Files\Shaders</Filter>
    </None>
    <None Include="packages.config" />
    <None Include="light_vertex_shader.glsl">
      <Filter>Source Files\Shaders</Filter>
    </None>
    <None Include="light_fragment_shader.glsl">
      <Filter>Source Files\Shaders</Filter>
    </None>
    <None Include="wireframe_vertex_shader.glsl">
      <Filter>Source Files\Shaders</Filter>
    </None>
    <None Include="wireframe_fragment_shader.glsl">
      <Filter>Source Files\Shaders</Filter>
    </None>
  </ItemGroup>
  <ItemGroup>
    <ClCompile Include="main.cpp">
      <Filter>Source Files</Filter>
    </ClCompile>
    <ClCompile Include="..\third_party\GLAD\src\glad.c">
      <Filter>Source Files</Filter>
    </ClCompile>
    <ClCompile Include="WindowGUI.cpp">
      <Filter>Source Files</Filter>
    </ClCompile>
    <ClCompile Include="FileUtils.cpp">
      <Filter>Source Files</Filter>
    </ClCompile>
    <ClCompile Include="Buffers.cpp">
      <Filter>Source Files</Filter>
    </ClCompile>
    <ClCompile Include="Render.h">
      <Filter>Header Files\Rendering</Filter>
    </ClCompile>
    <ClCompile Include="Shader.cpp">
      <Filter>Source Files\Rendering</Filter>
    </ClCompile>
    <ClCompile Include="Texture.cpp">
      <Filter>Source Files\Rendering</Filter>
    </ClCompile>
    <ClCompile Include="Shape.cpp">
      <Filter>Source Files\Rendering</Filter>
    </ClCompile>
    <ClCompile Include="Render.cpp">
      <Filter>Source Files\Rendering</Filter>
    </ClCompile>
    <ClCompile Include="FileUtils.h">
      <Filter>Header Files\Miscs</Filter>
    </ClCompile>
    <ClCompile Include="Camera.cpp">
      <Filter>Source Files</Filter>
    </ClCompile>
    <ClCompile Include="stdafxh.cpp">
      <Filter>Source Files</Filter>
    </ClCompile>
    <ClCompile Include="Chunk.cpp">
      <Filter>Source Files\WorldGen</Filter>
    </ClCompile>
    <ClCompile Include="vectors.cpp">
      <Filter>Source Files</Filter>
    </ClCompile>
    <ClCompile Include="World.cpp">
      <Filter>Source Files\WorldGen</Filter>
    </ClCompile>
  </ItemGroup>
  <ItemGroup>
    <ClInclude Include="WindowGUI.h">
      <Filter>Header Files</Filter>
    </ClInclude>
    <ClInclude Include="Camera.h">
      <Filter>Header Files</Filter>
    </ClInclude>
    <ClInclude Include="stb_image.h">
      <Filter>Header Files</Filter>
    </ClInclude>
    <ClInclude Include="Shader.h">
      <Filter>Header Files\Rendering</Filter>
    </ClInclude>
    <ClInclude Include="Buffers.h">
      <Filter>Header Files</Filter>
    </ClInclude>
    <ClInclude Include="Constants.h">
      <Filter>Header Files\Miscs</Filter>
    </ClInclude>
    <ClInclude Include="Chunk.h">
      <Filter>Header Files\WorldGen</Filter>
    </ClInclude>
    <ClInclude Include="stdafx.h">
      <Filter>Header Files\Miscs</Filter>
    </ClInclude>
    <ClInclude Include="vectors.h">
      <Filter>Header Files\Miscs</Filter>
    </ClInclude>
    <ClInclude Include="Shape.h">
      <Filter>Header Files\Miscs</Filter>
    </ClInclude>
    <ClInclude Include="Texture.h">
      <Filter>Header Files\Miscs</Filter>
    </ClInclude>
    <ClInclude Include="World.h">
      <Filter>Header Files\WorldGen</Filter>
    </ClInclude>
  </ItemGroup>
</Project>